
Microsoft Visual Studio Solution File, Format Version 12.00
# Visual Studio 15
VisualStudioVersion = 15.0.28307.779
MinimumVisualStudioVersion = 10.0.40219.1
Project("{FAE04EC0-301F-11D3-BF4B-00C04F79EFBC}") = "JogoDePoker", "JogoDePoker\JogoDePoker.csproj", "{0621707A-7E94-4FFF-82DB-66F331DF4A95}"
EndProject
Global
	GlobalSection(SolutionConfigurationPlatforms) = preSolution
		Debug|Any CPU = Debug|Any CPU
		Release|Any CPU = Release|Any CPU
	EndGlobalSection
	GlobalSection(ProjectConfigurationPlatforms) = postSolution
		{0621707A-7E94-4FFF-82DB-66F331DF4A95}.Debug|Any CPU.ActiveCfg = Debug|Any CPU
		{0621707A-7E94-4FFF-82DB-66F331DF4A95}.Debug|Any CPU.Build.0 = Debug|Any CPU
		{0621707A-7E94-4FFF-82DB-66F331DF4A95}.Release|Any CPU.ActiveCfg = Release|Any CPU
		{0621707A-7E94-4FFF-82DB-66F331DF4A95}.Release|Any CPU.Build.0 = Release|Any CPU
	EndGlobalSection
	GlobalSection(SolutionProperties) = preSolution
		HideSolutionNode = FALSE
	EndGlobalSection
	GlobalSection(ExtensibilityGlobals) = postSolution
		SolutionGuid = {E838C9C9-8E51-4F6F-B5E2-799B023E2695}
	EndGlobalSection
EndGlobal
